
Microsoft Visual Studio Solution File, Format Version 12.00
# Visual Studio Version 16
VisualStudioVersion = 16.0.810.18
MinimumVisualStudioVersion = 10.0.40219.1
Project("{FAE04EC0-301F-11D3-BF4B-00C04F79EFBC}") = "sorting-words-and-numbers", "sorting-words-and-numbers.csproj", "{1B3A9026-55E6-4F5E-B595-B3E6BC70C028}"
EndProject
Global
	GlobalSection(SolutionConfigurationPlatforms) = preSolution
		Debug|anycpu = Debug|anycpu
		Release|anycpu = Release|anycpu
	EndGlobalSection
	GlobalSection(ProjectConfigurationPlatforms) = postSolution
		{1B3A9026-55E6-4F5E-B595-B3E6BC70C028}.Debug|anycpu.ActiveCfg = Debug|anycpu
		{1B3A9026-55E6-4F5E-B595-B3E6BC70C028}.Debug|anycpu.Build.0 = Debug|anycpu
		{1B3A9026-55E6-4F5E-B595-B3E6BC70C028}.Release|anycpu.ActiveCfg = Release|anycpu
		{1B3A9026-55E6-4F5E-B595-B3E6BC70C028}.Release|anycpu.Build.0 = Release|anycpu
	EndGlobalSection
	GlobalSection(SolutionProperties) = preSolution
		HideSolutionNode = FALSE
	EndGlobalSection
	GlobalSection(ExtensibilityGlobals) = postSolution
		SolutionGuid = {D18A1C4C-5179-4532-A6ED-3459D5910486}
	EndGlobalSection
EndGlobal
